
Microsoft Visual Studio Solution File, Format Version 12.00
Project("{FAE04EC0-301F-11D3-BF4B-00C04F79EFBC}") = "NBAProject.FunctionApp", "NBAProject.FunctionApp\NBAProject.FunctionApp.csproj", "{10A3D763-B218-406A-8950-1C1C1CF82145}"
EndProject
Global
	GlobalSection(SolutionConfigurationPlatforms) = preSolution
		Debug|Any CPU = Debug|Any CPU
		Release|Any CPU = Release|Any CPU
	EndGlobalSection
	GlobalSection(ProjectConfigurationPlatforms) = postSolution
		{10A3D763-B218-406A-8950-1C1C1CF82145}.Debug|Any CPU.ActiveCfg = Debug|Any CPU
		{10A3D763-B218-406A-8950-1C1C1CF82145}.Debug|Any CPU.Build.0 = Debug|Any CPU
		{10A3D763-B218-406A-8950-1C1C1CF82145}.Release|Any CPU.ActiveCfg = Release|Any CPU
		{10A3D763-B218-406A-8950-1C1C1CF82145}.Release|Any CPU.Build.0 = Release|Any CPU
	EndGlobalSection
EndGlobal
